
Microsoft Visual Studio Solution File, Format Version 12.00
# Visual Studio 15
VisualStudioVersion = 15.0.26228.88
MinimumVisualStudioVersion = 10.0.40219.1
Project("{8BC9CEB8-8B4A-11D0-8D11-00A0C91BC942}") = "TestProject", "TestProject\TestProject.vcxproj", "{998B5F27-B328-4183-93F0-251A96A8884A}"
EndProject
Global
	GlobalSection(SolutionConfigurationPlatforms) = preSolution
		Debug|x64 = Debug|x64
		Debug|x86 = Debug|x86
		Release|x64 = Release|x64
		Release|x86 = Release|x86
	EndGlobalSection
	GlobalSection(ProjectConfigurationPlatforms) = postSolution
		{998B5F27-B328-4183-93F0-251A96A8884A}.Debug|x64.ActiveCfg = Debug|x64
		{998B5F27-B328-4183-93F0-251A96A8884A}.Debug|x64.Build.0 = Debug|x64
		{998B5F27-B328-4183-93F0-251A96A8884A}.Debug|x86.ActiveCfg = Debug|Win32
		{998B5F27-B328-4183-93F0-251A96A8884A}.Debug|x86.Build.0 = Debug|Win32
		{998B5F27-B328-4183-93F0-251A96A8884A}.Release|x64.ActiveCfg = Release|x64
		{998B5F27-B328-4183-93F0-251A96A8884A}.Release|x64.Build.0 = Release|x64
		{998B5F27-B328-4183-93F0-251A96A8884A}.Release|x86.ActiveCfg = Release|Win32
		{998B5F27-B328-4183-93F0-251A96A8884A}.Release|x86.Build.0 = Release|Win32
	EndGlobalSection
	GlobalSection(SolutionProperties) = preSolution
		HideSolutionNode = FALSE
	EndGlobalSection
EndGlobal
